// !$*UTF8*$!
{
	archiveVersion = 1;
	classes = {
	};
	objectVersion = 46;
	objects = {

/* Begin PBXBuildFile section */
		4389A0B61C7C18BF00722D5F /* AppDelegate.swift in Sources */ = {isa = PBXBuildFile; fileRef = 4389A0B51C7C18BF00722D5F /* AppDelegate.swift */; };
		4389A0B81C7C18BF00722D5F /* ViewController.swift in Sources */ = {isa = PBXBuildFile; fileRef = 4389A0B71C7C18BF00722D5F /* ViewController.swift */; };
		4389A0BB1C7C18BF00722D5F /* Main.storyboard in Resources */ = {isa = PBXBuildFile; fileRef = 4389A0B91C7C18BF00722D5F /* Main.storyboard */; };
		4389A0BE1C7C18BF00722D5F /* pokedex.xcdatamodeld in Sources */ = {isa = PBXBuildFile; fileRef = 4389A0BC1C7C18BF00722D5F /* pokedex.xcdatamodeld */; };
		4389A0C01C7C18BF00722D5F /* Assets.xcassets in Resources */ = {isa = PBXBuildFile; fileRef = 4389A0BF1C7C18BF00722D5F /* Assets.xcassets */; };
		4389A0C31C7C18BF00722D5F /* LaunchScreen.storyboard in Resources */ = {isa = PBXBuildFile; fileRef = 4389A0C11C7C18BF00722D5F /* LaunchScreen.storyboard */; };
		4389A0CB1C7C1BEF00722D5F /* pokemon.csv in Resources */ = {isa = PBXBuildFile; fileRef = 4389A0CA1C7C1BEF00722D5F /* pokemon.csv */; };
/* End PBXBuildFile section */

/* Begin PBXFileReference section */
		4389A0B21C7C18BF00722D5F /* pokedex.app */ = {isa = PBXFileReference; explicitFileType = wrapper.application; includeInIndex = 0; path = pokedex.app; sourceTree = BUILT_PRODUCTS_DIR; };
		4389A0B51C7C18BF00722D5F /* AppDelegate.swift */ = {isa = PBXFileReference; lastKnownFileType = sourcecode.swift; path = AppDelegate.swift; sourceTree = "<group>"; };
		4389A0B71C7C18BF00722D5F /* ViewController.swift */ = {isa = PBXFileReference; lastKnownFileType = sourcecode.swift; path = ViewController.swift; sourceTree = "<group>"; };
		4389A0BA1C7C18BF00722D5F /* Base */ = {isa = PBXFileReference; lastKnownFileType = file.storyboard; name = Base; path = Base.lproj/Main.storyboard; sourceTree = "<group>"; };
		4389A0BD1C7C18BF00722D5F /* pokedex.xcdatamodel */ = {isa = PBXFileReference; lastKnownFileType = wrapper.xcdatamodel; path = pokedex.xcdatamodel; sourceTree = "<group>"; };
		4389A0BF1C7C18BF00722D5F /* Assets.xcassets */ = {isa = PBXFileReference; lastKnownFileType = folder.assetcatalog; path = Assets.xcassets; sourceTree = "<group>"; };
		4389A0C21C7C18BF00722D5F /* Base */ = {isa = PBXFileReference; lastKnownFileType = file.storyboard; name = Base; path = Base.lproj/LaunchScreen.storyboard; sourceTree = "<group>"; };
		4389A0C41C7C18BF00722D5F /* Info.plist */ = {isa = PBXFileReference; lastKnownFileType = text.plist.xml; path = Info.plist; sourceTree = "<group>"; };
		4389A0CA1C7C1BEF00722D5F /* pokemon.csv */ = {isa = PBXFileReference; fileEncoding = 4; lastKnownFileType = text; path = pokemon.csv; sourceTree = "<group>"; };
/* End PBXFileReference section */

/* Begin PBXFrameworksBuildPhase section */
		4389A0AF1C7C18BF00722D5F /* Frameworks */ = {
			isa = PBXFrameworksBuildPhase;
			buildActionMask = 2147483647;
			files = (
			);
			runOnlyForDeploymentPostprocessing = 0;
		};
/* End PBXFrameworksBuildPhase section */

/* Begin PBXGroup section */
		4389A0A91C7C18BF00722D5F = {
			isa = PBXGroup;
			children = (
				4389A0B41C7C18BF00722D5F /* pokedex */,
				4389A0B31C7C18BF00722D5F /* Products */,
			);
			sourceTree = "<group>";
		};
		4389A0B31C7C18BF00722D5F /* Products */ = {
			isa = PBXGroup;
			children = (
				4389A0B21C7C18BF00722D5F /* pokedex.app */,
			);
			name = Products;
			sourceTree = "<group>";
		};
		4389A0B41C7C18BF00722D5F /* pokedex */ = {
			isa = PBXGroup;
			children = (
				4389A0B51C7C18BF00722D5F /* AppDelegate.swift */,
				4389A0B71C7C18BF00722D5F /* ViewController.swift */,
				4389A0CA1C7C1BEF00722D5F /* pokemon.csv */,
				4389A0B91C7C18BF00722D5F /* Main.storyboard */,
				4389A0BF1C7C18BF00722D5F /* Assets.xcassets */,
				4389A0C11C7C18BF00722D5F /* LaunchScreen.storyboard */,
				4389A0C41C7C18BF00722D5F /* Info.plist */,
				4389A0BC1C7C18BF00722D5F /* pokedex.xcdatamodeld */,
			);
			path = pokedex;
			sourceTree = "<group>";
		};
/* End PBXGroup section */

/* Begin PBXNativeTarget section */
		4389A0B11C7C18BF00722D5F /* pokedex */ = {
			isa = PBXNativeTarget;
			buildConfigurationList = 4389A0C71C7C18BF00722D5F /* Build configuration list for PBXNativeTarget "pokedex" */;
			buildPhases = (
				4389A0AE1C7C18BF00722D5F /* Sources */,
				4389A0AF1C7C18BF00722D5F /* Frameworks */,
				4389A0B01C7C18BF00722D5F /* Resources */,
			);
			buildRules = (
			);
			dependencies = (
			);
			name = pokedex;
			productName = pokedex;
			productReference = 4389A0B21C7C18BF00722D5F /* pokedex.app */;
			productType = "com.apple.product-type.application";
		};
/* End PBXNativeTarget section */

/* Begin PBXProject section */
		4389A0AA1C7C18BF00722D5F /* Project object */ = {
			isa = PBXProject;
			attributes = {
				LastSwiftUpdateCheck = 0720;
				LastUpgradeCheck = 0720;
				ORGANIZATIONNAME = "Tauseef Latif";
				TargetAttributes = {
					4389A0B11C7C18BF00722D5F = {
						CreatedOnToolsVersion = 7.2;
						DevelopmentTeam = GYLD5Y8V2T;
					};
				};
			};
			buildConfigurationList = 4389A0AD1C7C18BF00722D5F /* Build configuration list for PBXProject "pokedex" */;
			compatibilityVersion = "Xcode 3.2";
			developmentRegion = English;
			hasScannedForEncodings = 0;
			knownRegions = (
				en,
				Base,
			);
			mainGroup = 4389A0A91C7C18BF00722D5F;
			productRefGroup = 4389A0B31C7C18BF00722D5F /* Products */;
			projectDirPath = "";
			projectRoot = "";
			targets = (
				4389A0B11C7C18BF00722D5F /* pokedex */,
			);
		};
/* End PBXProject section */

/* Begin PBXResourcesBuildPhase section */
		4389A0B01C7C18BF00722D5F /* Resources */ = {
			isa = PBXResourcesBuildPhase;
			buildActionMask = 2147483647;
			files = (
				4389A0C31C7C18BF00722D5F /* LaunchScreen.storyboard in Resources */,
				4389A0C01C7C18BF00722D5F /* Assets.xcassets in Resources */,
				4389A0CB1C7C1BEF00722D5F /* pokemon.csv in Resources */,
				4389A0BB1C7C18BF00722D5F /* Main.storyboard in Resources */,
			);
			runOnlyForDeploymentPostprocessing = 0;
		};
/* End PBXResourcesBuildPhase section */

/* Begin PBXSourcesBuildPhase section */
		4389A0AE1C7C18BF00722D5F /* Sources */ = {
			isa = PBXSourcesBuildPhase;
			buildActionMask = 2147483647;
			files = (
				4389A0BE1C7C18BF00722D5F /* pokedex.xcdatamodeld in Sources */,
				4389A0B81C7C18BF00722D5F /* ViewController.swift in Sources */,
				4389A0B61C7C18BF00722D5F /* AppDelegate.swift in Sources */,
			);
			runOnlyForDeploymentPostprocessing = 0;
		};
/* End PBXSourcesBuildPhase section */

/* Begin PBXVariantGroup section */
		4389A0B91C7C18BF00722D5F /* Main.storyboard */ = {
			isa = PBXVariantGroup;
			children = (
				4389A0BA1C7C18BF00722D5F /* Base */,
			);
			name = Main.storyboard;
			sourceTree = "<group>";
		};
		4389A0C11C7C18BF00722D5F /* LaunchScreen.storyboard */ = {
			isa = PBXVariantGroup;
			children = (
				4389A0C21C7C18BF00722D5F /* Base */,
			);
			name = LaunchScreen.storyboard;
			sourceTree = "<group>";
		};
/* End PBXVariantGroup section */

/* Begin XCBuildConfiguration section */
		4389A0C51C7C18BF00722D5F /* Debug */ = {
			isa = XCBuildConfiguration;
			buildSettings = {
				ALWAYS_SEARCH_USER_PATHS = NO;
				CLANG_CXX_LANGUAGE_STANDARD = "gnu++0x";
				CLANG_CXX_LIBRARY = "libc++";
				CLANG_ENABLE_MODULES = YES;
				CLANG_ENABLE_OBJC_ARC = YES;
				CLANG_WARN_BOOL_CONVERSION = YES;
				CLANG_WARN_CONSTANT_CONVERSION = YES;
				CLANG_WARN_DIRECT_OBJC_ISA_USAGE = YES_ERROR;
				CLANG_WARN_EMPTY_BODY = YES;
				CLANG_WARN_ENUM_CONVERSION = YES;
				CLANG_WARN_INT_CONVERSION = YES;
				CLANG_WARN_OBJC_ROOT_CLASS = YES_ERROR;
				CLANG_WARN_UNREACHABLE_CODE = YES;
				CLANG_WARN__DUPLICATE_METHOD_MATCH = YES;
				"CODE_SIGN_IDENTITY[sdk=iphoneos*]" = "iPhone Developer";
				COPY_PHASE_STRIP = NO;
				DEBUG_INFORMATION_FORMAT = dwarf;
				ENABLE_STRICT_OBJC_MSGSEND = YES;
				ENABLE_TESTABILITY = YES;
				GCC_C_LANGUAGE_STANDARD = gnu99;
				GCC_DYNAMIC_NO_PIC = NO;
				GCC_NO_COMMON_BLOCKS = YES;
				GCC_OPTIMIZATION_LEVEL = 0;
				GCC_PREPROCESSOR_DEFINITIONS = (
					"DEBUG=1",
					"$(inherited)",
				);
				GCC_WARN_64_TO_32_BIT_CONVERSION = YES;
				GCC_WARN_ABOUT_RETURN_TYPE = YES_ERROR;
				GCC_WARN_UNDECLARED_SELECTOR = YES;
				GCC_WARN_UNINITIALIZED_AUTOS = YES_AGGRESSIVE;
				GCC_WARN_UNUSED_FUNCTION = YES;
				GCC_WARN_UNUSED_VARIABLE = YES;
				IPHONEOS_DEPLOYMENT_TARGET = 9.2;
				MTL_ENABLE_DEBUG_INFO = YES;
				ONLY_ACTIVE_ARCH = YES;
				SDKROOT = iphoneos;
				SWIFT_OPTIMIZATION_LEVEL = "-Onone";
				TARGETED_DEVICE_FAMILY = "1,2";
			};
			name = Debug;
		};
		4389A0C61C7C18BF00722D5F /* Release */ = {
			isa = XCBuildConfiguration;
			buildSettings = {
				ALWAYS_SEARCH_USER_PATHS = NO;
				CLANG_CXX_LANGUAGE_STANDARD = "gnu++0x";
				CLANG_CXX_LIBRARY = "libc++";
				CLANG_ENABLE_MODULES = YES;
				CLANG_ENABLE_OBJC_ARC = YES;
				CLANG_WARN_BOOL_CONVERSION = YES;
				CLANG_WARN_CONSTANT_CONVERSION = YES;
				CLANG_WARN_DIRECT_OBJC_ISA_USAGE = YES_ERROR;
				CLANG_WARN_EMPTY_BODY = YES;
				CLANG_WARN_ENUM_CONVERSION = YES;
				CLANG_WARN_INT_CONVERSION = YES;
				CLANG_WARN_OBJC_ROOT_CLASS = YES_ERROR;
				CLANG_WARN_UNREACHABLE_CODE = YES;
				CLANG_WARN__DUPLICATE_METHOD_MATCH = YES;
				"CODE_SIGN_IDENTITY[sdk=iphoneos*]" = "iPhone Developer";
				COPY_PHASE_STRIP = NO;
				DEBUG_INFORMATION_FORMAT = "dwarf-with-dsym";
				ENABLE_NS_ASSERTIONS = NO;
				ENABLE_STRICT_OBJC_MSGSEND = YES;
				GCC_C_LANGUAGE_STANDARD = gnu99;
				GCC_NO_COMMON_BLOCKS = YES;
				GCC_WARN_64_TO_32_BIT_CONVERSION = YES;
				GCC_WARN_ABOUT_RETURN_TYPE = YES_ERROR;
				GCC_WARN_UNDECLARED_SELECTOR = YES;
				GCC_WARN_UNINITIALIZED_AUTOS = YES_AGGRESSIVE;
				GCC_WARN_UNUSED_FUNCTION = YES;
				GCC_WARN_UNUSED_VARIABLE = YES;
				IPHONEOS_DEPLOYMENT_TARGET = 9.2;
				MTL_ENABLE_DEBUG_INFO = NO;
				SDKROOT = iphoneos;
				TARGETED_DEVICE_FAMILY = "1,2";
				VALIDATE_PRODUCT = YES;
			};
			name = Release;
		};
		4389A0C81C7C18BF00722D5F /* Debug */ = {
			isa = XCBuildConfiguration;
			buildSettings = {
				ASSETCATALOG_COMPILER_APPICON_NAME = AppIcon;
				INFOPLIST_FILE = pokedex/Info.plist;
				LD_RUNPATH_SEARCH_PATHS = "$(inherited) @executable_path/Frameworks";
				PRODUCT_BUNDLE_IDENTIFIER = com.tlatif.pokedex;
				PRODUCT_NAME = "$(TARGET_NAME)";
			};
			name = Debug;
		};
		4389A0C91C7C18BF00722D5F /* Release */ = {
			isa = XCBuildConfiguration;
			buildSettings = {
				ASSETCATALOG_COMPILER_APPICON_NAME = AppIcon;
				INFOPLIST_FILE = pokedex/Info.plist;
				LD_RUNPATH_SEARCH_PATHS = "$(inherited) @executable_path/Frameworks";
				PRODUCT_BUNDLE_IDENTIFIER = com.tlatif.pokedex;
				PRODUCT_NAME = "$(TARGET_NAME)";
			};
			name = Release;
		};
/* End XCBuildConfiguration section */

/* Begin XCConfigurationList section */
		4389A0AD1C7C18BF00722D5F /* Build configuration list for PBXProject "pokedex" */ = {
			isa = XCConfigurationList;
			buildConfigurations = (
				4389A0C51C7C18BF00722D5F /* Debug */,
				4389A0C61C7C18BF00722D5F /* Release */,
			);
			defaultConfigurationIsVisible = 0;
			defaultConfigurationName = Release;
		};
		4389A0C71C7C18BF00722D5F /* Build configuration list for PBXNativeTarget "pokedex" */ = {
			isa = XCConfigurationList;
			buildConfigurations = (
				4389A0C81C7C18BF00722D5F /* Debug */,
				4389A0C91C7C18BF00722D5F /* Release */,
			);
			defaultConfigurationIsVisible = 0;
		};
/* End XCConfigurationList section */

/* Begin XCVersionGroup section */
		4389A0BC1C7C18BF00722D5F /* pokedex.xcdatamodeld */ = {
			isa = XCVersionGroup;
			children = (
				4389A0BD1C7C18BF00722D5F /* pokedex.xcdatamodel */,
			);
			currentVersion = 4389A0BD1C7C18BF00722D5F /* pokedex.xcdatamodel */;
			path = pokedex.xcdatamodeld;
			sourceTree = "<group>";
			versionGroupType = wrapper.xcdatamodel;
		};
/* End XCVersionGroup section */
	};
	rootObject = 4389A0AA1C7C18BF00722D5F /* Project object */;
}
